# This file is automatically @generated by Cargo.
# It is not intended for manual editing.
version = 3

[[package]]
name = "ahash"
version = "0.8.11"
source = "registry+https://github.com/rust-lang/crates.io-index"
checksum = "e89da841a80418a9b391ebaea17f5c112ffaaa96f621d2c285b5174da76b9011"
dependencies = [
 "cfg-if",
 "once_cell",
 "version_check",
 "zerocopy",
]

[[package]]
name = "allocator-api2"
version = "0.2.18"
source = "registry+https://github.com/rust-lang/crates.io-index"
checksum = "5c6cb57a04249c6480766f7f7cef5467412af1490f8d1e243141daddada3264f"

[[package]]
name = "anyhow"
version = "1.0.86"
source = "registry+https://github.com/rust-lang/crates.io-index"
checksum = "b3d1d046238990b9cf5bcde22a3fb3584ee5cf65fb2765f454ed428c7a0063da"

[[package]]
name = "autocfg"
version = "1.3.0"
source = "registry+https://github.com/rust-lang/crates.io-index"
checksum = "0c4b4d0bd25bd0b74681c0ad21497610ce1b7c91b1022cd21c80c6fbdd9476b0"

[[package]]
name = "bitflags"
version = "1.3.2"
source = "registry+https://github.com/rust-lang/crates.io-index"
checksum = "bef38d45163c2f1dde094a7dfd33ccf595c92905c8f8f4fdc18d06fb1037718a"

[[package]]
name = "bitflags"
version = "2.6.0"
source = "registry+https://github.com/rust-lang/crates.io-index"
checksum = "b048fb63fd8b5923fc5aa7b340d8e156aec7ec02f0c78fa8a6ddc2613f6f71de"

[[package]]
name = "cairo-rs"
version = "0.14.9"
source = "registry+https://github.com/rust-lang/crates.io-index"
checksum = "33b5725979db0c586d98abad2193cdb612dd40ef95cd26bd99851bf93b3cb482"
dependencies = [
 "bitflags 1.3.2",
 "cairo-sys-rs 0.14.9",
 "glib 0.14.8",
 "libc",
 "thiserror",
]

[[package]]
name = "cairo-rs"
version = "0.21.0"
source = "git+https://github.com/gtk-rs/gtk-rs-core?branch=master#7c3e879d85c8abb9f288ef30c31a260c33ff7e42"
dependencies = [
 "bitflags 2.6.0",
 "cairo-sys-rs 0.21.0",
 "glib 0.21.0",
 "libc",
]

[[package]]
name = "cairo-sys-rs"
version = "0.14.9"
source = "registry+https://github.com/rust-lang/crates.io-index"
checksum = "b448b876970834fda82ba3aeaccadbd760206b75388fc5c1b02f1e343b697570"
dependencies = [
 "glib-sys 0.14.0",
 "libc",
 "system-deps 3.2.0",
]

[[package]]
name = "cairo-sys-rs"
version = "0.21.0"
source = "git+https://github.com/gtk-rs/gtk-rs-core?branch=master#7c3e879d85c8abb9f288ef30c31a260c33ff7e42"
dependencies = [
 "glib-sys 0.21.0",
 "libc",
 "system-deps 7.0.2",
]

[[package]]
name = "cc"
version = "1.1.15"
source = "registry+https://github.com/rust-lang/crates.io-index"
checksum = "57b6a275aa2903740dc87da01c62040406b8812552e97129a63ea8850a17c6e6"
dependencies = [
 "shlex",
]

[[package]]
name = "cfg-expr"
version = "0.8.1"
source = "registry+https://github.com/rust-lang/crates.io-index"
checksum = "b412e83326147c2bb881f8b40edfbf9905b9b8abaebd0e47ca190ba62fda8f0e"
dependencies = [
 "smallvec",
]

[[package]]
name = "cfg-expr"
version = "0.16.0"
source = "registry+https://github.com/rust-lang/crates.io-index"
checksum = "345c78335be0624ed29012dc10c49102196c6882c12dde65d9f35b02da2aada8"
dependencies = [
 "smallvec",
 "target-lexicon",
]

[[package]]
name = "cfg-if"
version = "1.0.0"
source = "registry+https://github.com/rust-lang/crates.io-index"
checksum = "baf1de4339761588bc0619e3cbc0120ee582ebb74b53b4efbf79117bd2da40fd"

[[package]]
name = "either"
version = "1.13.0"
source = "registry+https://github.com/rust-lang/crates.io-index"
checksum = "60b1af1c220855b6ceac025d3f6ecdd2b7c4894bfe9cd9bda4fbb4bc7c0d4cf0"

[[package]]
name = "equivalent"
version = "1.0.1"
source = "registry+https://github.com/rust-lang/crates.io-index"
checksum = "5443807d6dff69373d433ab9ef5378ad8df50ca6298caf15de6e52e24aaf54d5"

[[package]]
name = "fallible-iterator"
version = "0.2.0"
source = "registry+https://github.com/rust-lang/crates.io-index"
checksum = "4443176a9f2c162692bd3d352d745ef9413eec5782a80d8fd6f8a1ac692a07f7"

[[package]]
name = "fallible-streaming-iterator"
version = "0.1.9"
source = "registry+https://github.com/rust-lang/crates.io-index"
checksum = "7360491ce676a36bf9bb3c56c1aa791658183a54d2744120f27285738d90465a"

[[package]]
name = "field-offset"
version = "0.3.6"
source = "registry+https://github.com/rust-lang/crates.io-index"
checksum = "38e2275cc4e4fc009b0669731a1e5ab7ebf11f469eaede2bab9309a5b4d6057f"
dependencies = [
 "memoffset",
 "rustc_version",
]

[[package]]
name = "futures-channel"
version = "0.3.30"
source = "registry+https://github.com/rust-lang/crates.io-index"
checksum = "eac8f7d7865dcb88bd4373ab671c8cf4508703796caa2b1985a9ca867b3fcb78"
dependencies = [
 "futures-core",
]

[[package]]
name = "futures-core"
version = "0.3.30"
source = "registry+https://github.com/rust-lang/crates.io-index"
checksum = "dfc6580bb841c5a68e9ef15c77ccc837b40a7504914d52e47b8b0e9bbda25a1d"

[[package]]
name = "futures-executor"
version = "0.3.30"
source = "registry+https://github.com/rust-lang/crates.io-index"
checksum = "a576fc72ae164fca6b9db127eaa9a9dda0d61316034f33a0a0d4eda41f02b01d"
dependencies = [
 "futures-core",
 "futures-task",
 "futures-util",
]

[[package]]
name = "futures-io"
version = "0.3.30"
source = "registry+https://github.com/rust-lang/crates.io-index"
checksum = "a44623e20b9681a318efdd71c299b6b222ed6f231972bfe2f224ebad6311f0c1"

[[package]]
name = "futures-macro"
version = "0.3.30"
source = "registry+https://github.com/rust-lang/crates.io-index"
checksum = "87750cf4b7a4c0625b1529e4c543c2182106e4dedc60a2a6455e00d212c489ac"
dependencies = [
 "proc-macro2",
 "quote",
 "syn 2.0.76",
]

[[package]]
name = "futures-task"
version = "0.3.30"
source = "registry+https://github.com/rust-lang/crates.io-index"
checksum = "38d84fa142264698cdce1a9f9172cf383a0c82de1bddcf3092901442c4097004"

[[package]]
name = "futures-util"
version = "0.3.30"
source = "registry+https://github.com/rust-lang/crates.io-index"
checksum = "3d6401deb83407ab3da39eba7e33987a73c3df0c82b4bb5813ee871c19c41d48"
dependencies = [
 "futures-core",
 "futures-macro",
 "futures-task",
 "pin-project-lite",
 "pin-utils",
 "slab",
]

[[package]]
name = "gdk-pixbuf"
version = "0.14.0"
source = "registry+https://github.com/rust-lang/crates.io-index"
checksum = "534192cb8f01daeb8fab2c8d4baa8f9aae5b7a39130525779f5c2608e235b10f"
dependencies = [
 "gdk-pixbuf-sys 0.14.0",
 "gio 0.14.8",
 "glib 0.14.8",
 "libc",
]

[[package]]
name = "gdk-pixbuf"
version = "0.21.0"
source = "git+https://github.com/gtk-rs/gtk-rs-core?branch=master#7c3e879d85c8abb9f288ef30c31a260c33ff7e42"
dependencies = [
 "gdk-pixbuf-sys 0.21.0",
 "gio 0.21.0",
 "glib 0.21.0",
 "libc",
]

[[package]]
name = "gdk-pixbuf-sys"
version = "0.14.0"
source = "registry+https://github.com/rust-lang/crates.io-index"
checksum = "f097c0704201fbc8f69c1762dc58c6947c8bb188b8ed0bc7e65259f1894fe590"
dependencies = [
 "gio-sys 0.14.0",
 "glib-sys 0.14.0",
 "gobject-sys 0.14.0",
 "libc",
 "system-deps 3.2.0",
]

[[package]]
name = "gdk-pixbuf-sys"
version = "0.21.0"
source = "git+https://github.com/gtk-rs/gtk-rs-core?branch=master#7c3e879d85c8abb9f288ef30c31a260c33ff7e42"
dependencies = [
 "gio-sys 0.21.0",
 "glib-sys 0.21.0",
 "gobject-sys 0.21.0",
 "libc",
 "system-deps 7.0.2",
]

[[package]]
name = "gdk4"
version = "0.1.0"
source = "registry+https://github.com/rust-lang/crates.io-index"
checksum = "c03132f21de5fe15ded4f950328fb44e007037aea7c6bbbc3f082493d5d3c164"
dependencies = [
 "bitflags 1.3.2",
 "cairo-rs 0.14.9",
 "gdk-pixbuf 0.14.0",
 "gdk4-sys 0.1.0",
 "gio 0.14.8",
 "glib 0.14.8",
 "libc",
 "pango 0.14.8",
]

[[package]]
name = "gdk4"
version = "0.10.0"
source = "git+https://github.com/gtk-rs/gtk4-rs.git#3b1387a3ba9951a6dcebf62dfe685010b42287d0"
dependencies = [
 "cairo-rs 0.21.0",
 "gdk-pixbuf 0.21.0",
 "gdk4-sys 0.10.0",
 "gio 0.21.0",
 "glib 0.21.0",
 "libc",
 "pango 0.21.0",
]

[[package]]
name = "gdk4-sys"
version = "0.1.0"
source = "registry+https://github.com/rust-lang/crates.io-index"
checksum = "3453f8dc11a6167a7269355fcfbd6b96d10625395e87f77199e7dbba9077b58c"
dependencies = [
 "cairo-sys-rs 0.14.9",
 "gdk-pixbuf-sys 0.14.0",
 "gio-sys 0.14.0",
 "glib-sys 0.14.0",
 "gobject-sys 0.14.0",
 "graphene-sys 0.14.8",
 "libc",
 "pango-sys 0.14.0",
 "system-deps 3.2.0",
]

[[package]]
name = "gdk4-sys"
version = "0.10.0"
source = "git+https://github.com/gtk-rs/gtk4-rs.git#3b1387a3ba9951a6dcebf62dfe685010b42287d0"
dependencies = [
 "cairo-sys-rs 0.21.0",
 "gdk-pixbuf-sys 0.21.0",
 "gio-sys 0.21.0",
 "glib-sys 0.21.0",
 "gobject-sys 0.21.0",
 "libc",
 "pango-sys 0.21.0",
 "pkg-config",
 "system-deps 7.0.2",
]

[[package]]
name = "gio"
version = "0.14.8"
source = "registry+https://github.com/rust-lang/crates.io-index"
checksum = "711c3632b3ebd095578a9c091418d10fed492da9443f58ebc8f45efbeb215cb0"
dependencies = [
 "bitflags 1.3.2",
 "futures-channel",
 "futures-core",
 "futures-io",
 "gio-sys 0.14.0",
 "glib 0.14.8",
 "libc",
 "once_cell",
 "thiserror",
]

[[package]]
name = "gio"
version = "0.21.0"
source = "git+https://github.com/gtk-rs/gtk-rs-core?branch=master#7c3e879d85c8abb9f288ef30c31a260c33ff7e42"
dependencies = [
 "futures-channel",
 "futures-core",
 "futures-io",
 "futures-util",
 "gio-sys 0.21.0",
 "glib 0.21.0",
 "libc",
 "pin-project-lite",
 "smallvec",
]

[[package]]
name = "gio-sys"
version = "0.14.0"
source = "registry+https://github.com/rust-lang/crates.io-index"
checksum = "c0a41df66e57fcc287c4bcf74fc26b884f31901ea9792ec75607289b456f48fa"
dependencies = [
 "glib-sys 0.14.0",
 "gobject-sys 0.14.0",
 "libc",
 "system-deps 3.2.0",
 "winapi",
]

[[package]]
name = "gio-sys"
version = "0.21.0"
source = "git+https://github.com/gtk-rs/gtk-rs-core?branch=master#7c3e879d85c8abb9f288ef30c31a260c33ff7e42"
dependencies = [
 "glib-sys 0.21.0",
 "gobject-sys 0.21.0",
 "libc",
 "system-deps 7.0.2",
 "windows-sys",
]

[[package]]
name = "glib"
version = "0.14.8"
source = "registry+https://github.com/rust-lang/crates.io-index"
checksum = "7c515f1e62bf151ef6635f528d05b02c11506de986e43b34a5c920ef0b3796a4"
dependencies = [
 "bitflags 1.3.2",
 "futures-channel",
 "futures-core",
 "futures-executor",
 "futures-task",
 "glib-macros 0.14.1",
 "glib-sys 0.14.0",
 "gobject-sys 0.14.0",
 "libc",
 "once_cell",
 "smallvec",
]

[[package]]
name = "glib"
version = "0.21.0"
source = "git+https://github.com/gtk-rs/gtk-rs-core?branch=master#7c3e879d85c8abb9f288ef30c31a260c33ff7e42"
dependencies = [
 "bitflags 2.6.0",
 "futures-channel",
 "futures-core",
 "futures-executor",
 "futures-task",
 "futures-util",
 "gio-sys 0.21.0",
 "glib-macros 0.21.0",
 "glib-sys 0.21.0",
 "gobject-sys 0.21.0",
 "libc",
 "memchr",
 "smallvec",
]

[[package]]
name = "glib-macros"
version = "0.14.1"
source = "registry+https://github.com/rust-lang/crates.io-index"
checksum = "2aad66361f66796bfc73f530c51ef123970eb895ffba991a234fcf7bea89e518"
dependencies = [
 "anyhow",
 "heck 0.3.3",
 "proc-macro-crate 1.3.1",
 "proc-macro-error",
 "proc-macro2",
 "quote",
 "syn 1.0.109",
]

[[package]]
name = "glib-macros"
version = "0.21.0"
source = "git+https://github.com/gtk-rs/gtk-rs-core?branch=master#7c3e879d85c8abb9f288ef30c31a260c33ff7e42"
dependencies = [
 "heck 0.5.0",
 "proc-macro-crate 3.2.0",
 "proc-macro2",
 "quote",
 "syn 2.0.76",
]

[[package]]
name = "glib-sys"
version = "0.14.0"
source = "registry+https://github.com/rust-lang/crates.io-index"
checksum = "1c1d60554a212445e2a858e42a0e48cece1bd57b311a19a9468f70376cf554ae"
dependencies = [
 "libc",
 "system-deps 3.2.0",
]

[[package]]
name = "glib-sys"
version = "0.21.0"
source = "git+https://github.com/gtk-rs/gtk-rs-core?branch=master#7c3e879d85c8abb9f288ef30c31a260c33ff7e42"
dependencies = [
 "libc",
 "system-deps 7.0.2",
]

[[package]]
name = "gobject-sys"
version = "0.14.0"
source = "registry+https://github.com/rust-lang/crates.io-index"
checksum = "aa92cae29759dae34ab5921d73fff5ad54b3d794ab842c117e36cafc7994c3f5"
dependencies = [
 "glib-sys 0.14.0",
 "libc",
 "system-deps 3.2.0",
]

[[package]]
name = "gobject-sys"
version = "0.21.0"
source = "git+https://github.com/gtk-rs/gtk-rs-core?branch=master#7c3e879d85c8abb9f288ef30c31a260c33ff7e42"
dependencies = [
 "glib-sys 0.21.0",
 "libc",
 "system-deps 7.0.2",
]

[[package]]
name = "graphene-rs"
version = "0.21.0"
source = "git+https://github.com/gtk-rs/gtk-rs-core?branch=master#7c3e879d85c8abb9f288ef30c31a260c33ff7e42"
dependencies = [
 "glib 0.21.0",
 "graphene-sys 0.21.0",
 "libc",
]

[[package]]
name = "graphene-sys"
version = "0.14.8"
source = "registry+https://github.com/rust-lang/crates.io-index"
checksum = "9a9ac7450b3aa80792513a3c029920a2ede419de13fb5169a4e51b07a5685332"
dependencies = [
 "glib-sys 0.14.0",
 "libc",
 "pkg-config",
 "system-deps 3.2.0",
]

[[package]]
name = "graphene-sys"
version = "0.21.0"
source = "git+https://github.com/gtk-rs/gtk-rs-core?branch=master#7c3e879d85c8abb9f288ef30c31a260c33ff7e42"
dependencies = [
 "glib-sys 0.21.0",
 "libc",
 "pkg-config",
 "system-deps 7.0.2",
]

[[package]]
name = "gsk4"
version = "0.10.0"
source = "git+https://github.com/gtk-rs/gtk4-rs.git#3b1387a3ba9951a6dcebf62dfe685010b42287d0"
dependencies = [
 "cairo-rs 0.21.0",
 "gdk4 0.10.0",
 "glib 0.21.0",
 "graphene-rs",
 "gsk4-sys",
 "libc",
 "pango 0.21.0",
]

[[package]]
name = "gsk4-sys"
version = "0.10.0"
source = "git+https://github.com/gtk-rs/gtk4-rs.git#3b1387a3ba9951a6dcebf62dfe685010b42287d0"
dependencies = [
 "cairo-sys-rs 0.21.0",
 "gdk4-sys 0.10.0",
 "glib-sys 0.21.0",
 "gobject-sys 0.21.0",
 "graphene-sys 0.21.0",
 "libc",
 "pango-sys 0.21.0",
 "system-deps 7.0.2",
]

[[package]]
name = "gtk4"
version = "0.10.0"
source = "git+https://github.com/gtk-rs/gtk4-rs.git#3b1387a3ba9951a6dcebf62dfe685010b42287d0"
dependencies = [
 "cairo-rs 0.21.0",
 "field-offset",
 "futures-channel",
 "gdk-pixbuf 0.21.0",
 "gdk4 0.10.0",
 "gio 0.21.0",
 "glib 0.21.0",
 "graphene-rs",
 "gsk4",
 "gtk4-macros",
 "gtk4-sys",
 "libc",
 "pango 0.21.0",
]

[[package]]
name = "gtk4-macros"
version = "0.10.0"
source = "git+https://github.com/gtk-rs/gtk4-rs.git#3b1387a3ba9951a6dcebf62dfe685010b42287d0"
dependencies = [
 "proc-macro-crate 3.2.0",
 "proc-macro2",
 "quote",
 "syn 2.0.76",
]

[[package]]
name = "gtk4-sys"
version = "0.10.0"
source = "git+https://github.com/gtk-rs/gtk4-rs.git#3b1387a3ba9951a6dcebf62dfe685010b42287d0"
dependencies = [
 "cairo-sys-rs 0.21.0",
 "gdk-pixbuf-sys 0.21.0",
 "gdk4-sys 0.10.0",
 "gio-sys 0.21.0",
 "glib-sys 0.21.0",
 "gobject-sys 0.21.0",
 "graphene-sys 0.21.0",
 "gsk4-sys",
 "libc",
 "pango-sys 0.21.0",
 "system-deps 7.0.2",
]

[[package]]
name = "hashbrown"
version = "0.14.5"
source = "registry+https://github.com/rust-lang/crates.io-index"
checksum = "e5274423e17b7c9fc20b6e7e208532f9b19825d82dfd615708b70edd83df41f1"
dependencies = [
 "ahash",
 "allocator-api2",
]

[[package]]
name = "hashlink"
version = "0.8.4"
source = "registry+https://github.com/rust-lang/crates.io-index"
checksum = "e8094feaf31ff591f651a2664fb9cfd92bba7a60ce3197265e9482ebe753c8f7"
dependencies = [
 "hashbrown",
]

[[package]]
name = "heck"
version = "0.3.3"
source = "registry+https://github.com/rust-lang/crates.io-index"
checksum = "6d621efb26863f0e9924c6ac577e8275e5e6b77455db64ffa6c65c904e9e132c"
dependencies = [
 "unicode-segmentation",
]

[[package]]
name = "heck"
version = "0.5.0"
source = "registry+https://github.com/rust-lang/crates.io-index"
checksum = "2304e00983f87ffb38b55b444b5e3b60a884b5d30c0fca7d82fe33449bbe55ea"

[[package]]
name = "indexmap"
version = "2.4.0"
source = "registry+https://github.com/rust-lang/crates.io-index"
checksum = "93ead53efc7ea8ed3cfb0c79fc8023fbb782a5432b52830b6518941cebe6505c"
dependencies = [
 "equivalent",
 "hashbrown",
]

[[package]]
name = "itertools"
version = "0.10.5"
source = "registry+https://github.com/rust-lang/crates.io-index"
checksum = "b0fd2260e829bddf4cb6ea802289de2f86d6a7a690192fbe91b3f46e0f2c8473"
dependencies = [
 "either",
]

[[package]]
name = "libc"
version = "0.2.158"
source = "registry+https://github.com/rust-lang/crates.io-index"
checksum = "d8adc4bb1803a324070e64a98ae98f38934d91957a99cfb3a43dcbc01bc56439"

[[package]]
name = "libsqlite3-sys"
version = "0.26.0"
source = "registry+https://github.com/rust-lang/crates.io-index"
checksum = "afc22eff61b133b115c6e8c74e818c628d6d5e7a502afea6f64dee076dd94326"
dependencies = [
 "cc",
 "pkg-config",
 "vcpkg",
]

[[package]]
name = "memchr"
version = "2.7.4"
source = "registry+https://github.com/rust-lang/crates.io-index"
checksum = "78ca9ab1a0babb1e7d5695e3530886289c18cf2f87ec19a575a0abdce112e3a3"

[[package]]
name = "memoffset"
version = "0.9.1"
source = "registry+https://github.com/rust-lang/crates.io-index"
checksum = "488016bfae457b036d996092f6cb448677611ce4449e970ceaf42695203f218a"
dependencies = [
 "autocfg",
]

[[package]]
name = "once_cell"
version = "1.19.0"
source = "registry+https://github.com/rust-lang/crates.io-index"
checksum = "3fdb12b2476b595f9358c5161aa467c2438859caa136dec86c26fdd2efe17b92"

[[package]]
name = "pango"
version = "0.14.8"
source = "registry+https://github.com/rust-lang/crates.io-index"
checksum = "546fd59801e5ca735af82839007edd226fe7d3bb06433ec48072be4439c28581"
dependencies = [
 "bitflags 1.3.2",
 "glib 0.14.8",
 "libc",
 "once_cell",
 "pango-sys 0.14.0",
]

[[package]]
name = "pango"
version = "0.21.0"
source = "git+https://github.com/gtk-rs/gtk-rs-core?branch=master#7c3e879d85c8abb9f288ef30c31a260c33ff7e42"
dependencies = [
 "gio 0.21.0",
 "glib 0.21.0",
 "libc",
 "pango-sys 0.21.0",
]

[[package]]
name = "pango-sys"
version = "0.14.0"
source = "registry+https://github.com/rust-lang/crates.io-index"
checksum = "2367099ca5e761546ba1d501955079f097caa186bb53ce0f718dca99ac1942fe"
dependencies = [
 "glib-sys 0.14.0",
 "gobject-sys 0.14.0",
 "libc",
 "system-deps 3.2.0",
]

[[package]]
name = "pango-sys"
version = "0.21.0"
source = "git+https://github.com/gtk-rs/gtk-rs-core?branch=master#7c3e879d85c8abb9f288ef30c31a260c33ff7e42"
dependencies = [
 "glib-sys 0.21.0",
 "gobject-sys 0.21.0",
 "libc",
 "system-deps 7.0.2",
]

[[package]]
name = "pin-project-lite"
version = "0.2.14"
source = "registry+https://github.com/rust-lang/crates.io-index"
checksum = "bda66fc9667c18cb2758a2ac84d1167245054bcf85d5d1aaa6923f45801bdd02"

[[package]]
name = "pin-utils"
version = "0.1.0"
source = "registry+https://github.com/rust-lang/crates.io-index"
checksum = "8b870d8c151b6f2fb93e84a13146138f05d02ed11c7e7c54f8826aaaf7c9f184"

[[package]]
name = "pkg-config"
version = "0.3.30"
source = "registry+https://github.com/rust-lang/crates.io-index"
checksum = "d231b230927b5e4ad203db57bbcbee2802f6bce620b1e4a9024a07d94e2907ec"

[[package]]
name = "proc-macro-crate"
version = "1.3.1"
source = "registry+https://github.com/rust-lang/crates.io-index"
checksum = "7f4c021e1093a56626774e81216a4ce732a735e5bad4868a03f3ed65ca0c3919"
dependencies = [
 "once_cell",
 "toml_edit 0.19.15",
]

[[package]]
name = "proc-macro-crate"
version = "3.2.0"
source = "registry+https://github.com/rust-lang/crates.io-index"
checksum = "8ecf48c7ca261d60b74ab1a7b20da18bede46776b2e55535cb958eb595c5fa7b"
dependencies = [
 "toml_edit 0.22.20",
]

[[package]]
name = "proc-macro-error"
version = "1.0.4"
source = "registry+https://github.com/rust-lang/crates.io-index"
checksum = "da25490ff9892aab3fcf7c36f08cfb902dd3e71ca0f9f9517bea02a73a5ce38c"
dependencies = [
 "proc-macro-error-attr",
 "proc-macro2",
 "quote",
 "syn 1.0.109",
 "version_check",
]

[[package]]
name = "proc-macro-error-attr"
version = "1.0.4"
source = "registry+https://github.com/rust-lang/crates.io-index"
checksum = "a1be40180e52ecc98ad80b184934baf3d0d29f979574e439af5a55274b35f869"
dependencies = [
 "proc-macro2",
 "quote",
 "version_check",
]

[[package]]
name = "proc-macro2"
version = "1.0.86"
source = "registry+https://github.com/rust-lang/crates.io-index"
checksum = "5e719e8df665df0d1c8fbfd238015744736151d4445ec0836b8e628aae103b77"
dependencies = [
 "unicode-ident",
]

[[package]]
name = "quote"
version = "1.0.37"
source = "registry+https://github.com/rust-lang/crates.io-index"
checksum = "b5b9d34b8991d19d98081b46eacdd8eb58c6f2b201139f7c5f643cc155a633af"
dependencies = [
 "proc-macro2",
]

[[package]]
name = "rusqlite"
version = "0.29.0"
source = "registry+https://github.com/rust-lang/crates.io-index"
checksum = "549b9d036d571d42e6e85d1c1425e2ac83491075078ca9a15be021c56b1641f2"
dependencies = [
 "bitflags 2.6.0",
 "fallible-iterator",
 "fallible-streaming-iterator",
 "hashlink",
 "libsqlite3-sys",
 "smallvec",
]

[[package]]
name = "rustc_version"
version = "0.4.1"
source = "registry+https://github.com/rust-lang/crates.io-index"
checksum = "cfcb3a22ef46e85b45de6ee7e79d063319ebb6594faafcf1c225ea92ab6e9b92"
dependencies = [
 "semver",
]

[[package]]
name = "semver"
version = "1.0.23"
source = "registry+https://github.com/rust-lang/crates.io-index"
checksum = "61697e0a1c7e512e84a621326239844a24d8207b4669b41bc18b32ea5cbf988b"

[[package]]
name = "serde"
version = "1.0.209"
source = "registry+https://github.com/rust-lang/crates.io-index"
checksum = "99fce0ffe7310761ca6bf9faf5115afbc19688edd00171d81b1bb1b116c63e09"
dependencies = [
 "serde_derive",
]

[[package]]
name = "serde_derive"
version = "1.0.209"
source = "registry+https://github.com/rust-lang/crates.io-index"
checksum = "a5831b979fd7b5439637af1752d535ff49f4860c0f341d1baeb6faf0f4242170"
dependencies = [
 "proc-macro2",
 "quote",
 "syn 2.0.76",
]

[[package]]
name = "serde_spanned"
version = "0.6.7"
source = "registry+https://github.com/rust-lang/crates.io-index"
checksum = "eb5b1b31579f3811bf615c144393417496f152e12ac8b7663bf664f4a815306d"
dependencies = [
 "serde",
]

[[package]]
name = "shlex"
version = "1.3.0"
source = "registry+https://github.com/rust-lang/crates.io-index"
checksum = "0fda2ff0d084019ba4d7c6f371c95d8fd75ce3524c3cb8fb653a3023f6323e64"

[[package]]
name = "slab"
version = "0.4.9"
source = "registry+https://github.com/rust-lang/crates.io-index"
checksum = "8f92a496fb766b417c996b9c5e57daf2f7ad3b0bebe1ccfca4856390e3d3bb67"
dependencies = [
 "autocfg",
]

[[package]]
name = "smallvec"
version = "1.13.2"
source = "registry+https://github.com/rust-lang/crates.io-index"
checksum = "3c5e1a9a646d36c3599cd173a41282daf47c44583ad367b8e6837255952e5c67"

[[package]]
name = "sqlitelinux"
version = "0.1.0"
dependencies = [
 "gdk4 0.1.0",
 "gtk4",
 "rusqlite",
]

[[package]]
name = "strum"
version = "0.21.0"
source = "registry+https://github.com/rust-lang/crates.io-index"
checksum = "aaf86bbcfd1fa9670b7a129f64fc0c9fcbbfe4f1bc4210e9e98fe71ffc12cde2"

[[package]]
name = "strum_macros"
version = "0.21.1"
source = "registry+https://github.com/rust-lang/crates.io-index"
checksum = "d06aaeeee809dbc59eb4556183dd927df67db1540de5be8d3ec0b6636358a5ec"
dependencies = [
 "heck 0.3.3",
 "proc-macro2",
 "quote",
 "syn 1.0.109",
]

[[package]]
name = "syn"
version = "1.0.109"
source = "registry+https://github.com/rust-lang/crates.io-index"
checksum = "72b64191b275b66ffe2469e8af2c1cfe3bafa67b529ead792a6d0160888b4237"
dependencies = [
 "proc-macro2",
 "quote",
 "unicode-ident",
]

[[package]]
name = "syn"
version = "2.0.76"
source = "registry+https://github.com/rust-lang/crates.io-index"
checksum = "578e081a14e0cefc3279b0472138c513f37b41a08d5a3cca9b6e4e8ceb6cd525"
dependencies = [
 "proc-macro2",
 "quote",
 "unicode-ident",
]

[[package]]
name = "system-deps"
version = "3.2.0"
source = "registry+https://github.com/rust-lang/crates.io-index"
checksum = "480c269f870722b3b08d2f13053ce0c2ab722839f472863c3e2d61ff3a1c2fa6"
dependencies = [
 "anyhow",
 "cfg-expr 0.8.1",
 "heck 0.3.3",
 "itertools",
 "pkg-config",
 "strum",
 "strum_macros",
 "thiserror",
 "toml 0.5.11",
 "version-compare 0.0.11",
]

[[package]]
name = "system-deps"
version = "7.0.2"
source = "registry+https://github.com/rust-lang/crates.io-index"
checksum = "070a0a5e7da2d24be457809c4b3baa57a835fd2829ad8b86f9a049052fe71031"
dependencies = [
 "cfg-expr 0.16.0",
 "heck 0.5.0",
 "pkg-config",
 "toml 0.8.19",
 "version-compare 0.2.0",
]

[[package]]
name = "target-lexicon"
version = "0.12.16"
source = "registry+https://github.com/rust-lang/crates.io-index"
checksum = "61c41af27dd6d1e27b1b16b489db798443478cef1f06a660c96db617ba5de3b1"

[[package]]
name = "thiserror"
version = "1.0.63"
source = "registry+https://github.com/rust-lang/crates.io-index"
checksum = "c0342370b38b6a11b6cc11d6a805569958d54cfa061a29969c3b5ce2ea405724"
dependencies = [
 "thiserror-impl",
]

[[package]]
name = "thiserror-impl"
version = "1.0.63"
source = "registry+https://github.com/rust-lang/crates.io-index"
checksum = "a4558b58466b9ad7ca0f102865eccc95938dca1a74a856f2b57b6629050da261"
dependencies = [
 "proc-macro2",
 "quote",
 "syn 2.0.76",
]

[[package]]
name = "toml"
version = "0.5.11"
source = "registry+https://github.com/rust-lang/crates.io-index"
checksum = "f4f7f0dd8d50a853a531c426359045b1998f04219d88799810762cd4ad314234"
dependencies = [
 "serde",
]

[[package]]
name = "toml"
version = "0.8.19"
source = "registry+https://github.com/rust-lang/crates.io-index"
checksum = "a1ed1f98e3fdc28d6d910e6737ae6ab1a93bf1985935a1193e68f93eeb68d24e"
dependencies = [
 "serde",
 "serde_spanned",
 "toml_datetime",
 "toml_edit 0.22.20",
]

[[package]]
name = "toml_datetime"
version = "0.6.8"
source = "registry+https://github.com/rust-lang/crates.io-index"
checksum = "0dd7358ecb8fc2f8d014bf86f6f638ce72ba252a2c3a2572f2a795f1d23efb41"
dependencies = [
 "serde",
]

[[package]]
name = "toml_edit"
version = "0.19.15"
source = "registry+https://github.com/rust-lang/crates.io-index"
checksum = "1b5bb770da30e5cbfde35a2d7b9b8a2c4b8ef89548a7a6aeab5c9a576e3e7421"
dependencies = [
 "indexmap",
 "toml_datetime",
 "winnow 0.5.40",
]

[[package]]
name = "toml_edit"
version = "0.22.20"
source = "registry+https://github.com/rust-lang/crates.io-index"
checksum = "583c44c02ad26b0c3f3066fe629275e50627026c51ac2e595cca4c230ce1ce1d"
dependencies = [
 "indexmap",
 "serde",
 "serde_spanned",
 "toml_datetime",
 "winnow 0.6.18",
]

[[package]]
name = "unicode-ident"
version = "1.0.12"
source = "registry+https://github.com/rust-lang/crates.io-index"
checksum = "3354b9ac3fae1ff6755cb6db53683adb661634f67557942dea4facebec0fee4b"

[[package]]
name = "unicode-segmentation"
version = "1.11.0"
source = "registry+https://github.com/rust-lang/crates.io-index"
checksum = "d4c87d22b6e3f4a18d4d40ef354e97c90fcb14dd91d7dc0aa9d8a1172ebf7202"

[[package]]
name = "vcpkg"
version = "0.2.15"
source = "registry+https://github.com/rust-lang/crates.io-index"
checksum = "accd4ea62f7bb7a82fe23066fb0957d48ef677f6eeb8215f372f52e48bb32426"

[[package]]
name = "version-compare"
version = "0.0.11"
source = "registry+https://github.com/rust-lang/crates.io-index"
checksum = "1c18c859eead79d8b95d09e4678566e8d70105c4e7b251f707a03df32442661b"

[[package]]
name = "version-compare"
version = "0.2.0"
source = "registry+https://github.com/rust-lang/crates.io-index"
checksum = "852e951cb7832cb45cb1169900d19760cfa39b82bc0ea9c0e5a14ae88411c98b"

[[package]]
name = "version_check"
version = "0.9.5"
source = "registry+https://github.com/rust-lang/crates.io-index"
checksum = "0b928f33d975fc6ad9f86c8f283853ad26bdd5b10b7f1542aa2fa15e2289105a"

[[package]]
name = "winapi"
version = "0.3.9"
source = "registry+https://github.com/rust-lang/crates.io-index"
checksum = "5c839a674fcd7a98952e593242ea400abe93992746761e38641405d28b00f419"
dependencies = [
 "winapi-i686-pc-windows-gnu",
 "winapi-x86_64-pc-windows-gnu",
]

[[package]]
name = "winapi-i686-pc-windows-gnu"
version = "0.4.0"
source = "registry+https://github.com/rust-lang/crates.io-index"
checksum = "ac3b87c63620426dd9b991e5ce0329eff545bccbbb34f3be09ff6fb6ab51b7b6"

[[package]]
name = "winapi-x86_64-pc-windows-gnu"
version = "0.4.0"
source = "registry+https://github.com/rust-lang/crates.io-index"
checksum = "712e227841d057c1ee1cd2fb22fa7e5a5461ae8e48fa2ca79ec42cfc1931183f"

[[package]]
name = "windows-sys"
version = "0.59.0"
source = "registry+https://github.com/rust-lang/crates.io-index"
checksum = "1e38bc4d79ed67fd075bcc251a1c39b32a1776bbe92e5bef1f0bf1f8c531853b"
dependencies = [
 "windows-targets",
]

[[package]]
name = "windows-targets"
version = "0.52.6"
source = "registry+https://github.com/rust-lang/crates.io-index"
checksum = "9b724f72796e036ab90c1021d4780d4d3d648aca59e491e6b98e725b84e99973"
dependencies = [
 "windows_aarch64_gnullvm",
 "windows_aarch64_msvc",
 "windows_i686_gnu",
 "windows_i686_gnullvm",
 "windows_i686_msvc",
 "windows_x86_64_gnu",
 "windows_x86_64_gnullvm",
 "windows_x86_64_msvc",
]

[[package]]
name = "windows_aarch64_gnullvm"
version = "0.52.6"
source = "registry+https://github.com/rust-lang/crates.io-index"
checksum = "32a4622180e7a0ec044bb555404c800bc9fd9ec262ec147edd5989ccd0c02cd3"

[[package]]
name = "windows_aarch64_msvc"
version = "0.52.6"
source = "registry+https://github.com/rust-lang/crates.io-index"
checksum = "09ec2a7bb152e2252b53fa7803150007879548bc709c039df7627cabbd05d469"

[[package]]
name = "windows_i686_gnu"
version = "0.52.6"
source = "registry+https://github.com/rust-lang/crates.io-index"
checksum = "8e9b5ad5ab802e97eb8e295ac6720e509ee4c243f69d781394014ebfe8bbfa0b"

[[package]]
name = "windows_i686_gnullvm"
version = "0.52.6"
source = "registry+https://github.com/rust-lang/crates.io-index"
checksum = "0eee52d38c090b3caa76c563b86c3a4bd71ef1a819287c19d586d7334ae8ed66"

[[package]]
name = "windows_i686_msvc"
version = "0.52.6"
source = "registry+https://github.com/rust-lang/crates.io-index"
checksum = "240948bc05c5e7c6dabba28bf89d89ffce3e303022809e73deaefe4f6ec56c66"

[[package]]
name = "windows_x86_64_gnu"
version = "0.52.6"
source = "registry+https://github.com/rust-lang/crates.io-index"
checksum = "147a5c80aabfbf0c7d901cb5895d1de30ef2907eb21fbbab29ca94c5b08b1a78"

[[package]]
name = "windows_x86_64_gnullvm"
version = "0.52.6"
source = "registry+https://github.com/rust-lang/crates.io-index"
checksum = "24d5b23dc417412679681396f2b49f3de8c1473deb516bd34410872eff51ed0d"

[[package]]
name = "windows_x86_64_msvc"
version = "0.52.6"
source = "registry+https://github.com/rust-lang/crates.io-index"
checksum = "589f6da84c646204747d1270a2a5661ea66ed1cced2631d546fdfb155959f9ec"

[[package]]
name = "winnow"
version = "0.5.40"
source = "registry+https://github.com/rust-lang/crates.io-index"
checksum = "f593a95398737aeed53e489c785df13f3618e41dbcd6718c6addbf1395aa6876"
dependencies = [
 "memchr",
]

[[package]]
name = "winnow"
version = "0.6.18"
source = "registry+https://github.com/rust-lang/crates.io-index"
checksum = "68a9bda4691f099d435ad181000724da8e5899daa10713c2d432552b9ccd3a6f"
dependencies = [
 "memchr",
]

[[package]]
name = "zerocopy"
version = "0.7.35"
source = "registry+https://github.com/rust-lang/crates.io-index"
checksum = "1b9b4fd18abc82b8136838da5d50bae7bdea537c574d8dc1a34ed098d6c166f0"
dependencies = [
 "zerocopy-derive",
]

[[package]]
name = "zerocopy-derive"
version = "0.7.35"
source = "registry+https://github.com/rust-lang/crates.io-index"
checksum = "fa4f8080344d4671fb4e831a13ad1e68092748387dfc4f55e356242fae12ce3e"
dependencies = [
 "proc-macro2",
 "quote",
 "syn 2.0.76",
]
